// !$*UTF8*$!
{
	archiveVersion = 1;
	classes = {
	};
	objectVersion = 46;
	objects = {

/* Begin PBXBuildFile section */
		26786B4A1C2ED59400F29F6A /* Swift6502Tests.swift in Sources */ = {isa = PBXBuildFile; fileRef = 26786B491C2ED59400F29F6A /* Swift6502Tests.swift */; };
		26CD88BE1C2EE61700514A3C /* AddressingModes.swift in Sources */ = {isa = PBXBuildFile; fileRef = 3F5C2CCC1BCDB87A00613431 /* AddressingModes.swift */; };
		26CD88BF1C2EE61900514A3C /* CPU.swift in Sources */ = {isa = PBXBuildFile; fileRef = 3F5C2CC81BCDB55000613431 /* CPU.swift */; };
		26CD88C01C2EE61B00514A3C /* Opcodes.swift in Sources */ = {isa = PBXBuildFile; fileRef = 3F5C2CCA1BCDB71C00613431 /* Opcodes.swift */; };
		26CD88C11C2EE61D00514A3C /* OpcodeTable.swift in Sources */ = {isa = PBXBuildFile; fileRef = 3F5C2CCE1BCDB90600613431 /* OpcodeTable.swift */; };
		26CD88C21C2EE62000514A3C /* Utils.swift in Sources */ = {isa = PBXBuildFile; fileRef = 3F1414721BCDD63000E5A177 /* Utils.swift */; };
		26CD88C41C2EF0BA00514A3C /* StolenOpcodeTests.swift in Sources */ = {isa = PBXBuildFile; fileRef = 26CD88C31C2EF0BA00514A3C /* StolenOpcodeTests.swift */; };
		3F1414731BCDD63000E5A177 /* Utils.swift in Sources */ = {isa = PBXBuildFile; fileRef = 3F1414721BCDD63000E5A177 /* Utils.swift */; };
		3F5C2CF01BCDCA6700613431 /* main.swift in Sources */ = {isa = PBXBuildFile; fileRef = 3F5C2CEF1BCDCA6700613431 /* main.swift */; };
		3F5C2CF41BCDCA9E00613431 /* AddressingModes.swift in Sources */ = {isa = PBXBuildFile; fileRef = 3F5C2CCC1BCDB87A00613431 /* AddressingModes.swift */; };
		3F5C2CF51BCDCA9E00613431 /* CPU.swift in Sources */ = {isa = PBXBuildFile; fileRef = 3F5C2CC81BCDB55000613431 /* CPU.swift */; };
		3F5C2CF61BCDCA9E00613431 /* Opcodes.swift in Sources */ = {isa = PBXBuildFile; fileRef = 3F5C2CCA1BCDB71C00613431 /* Opcodes.swift */; };
		3F5C2CF71BCDCA9E00613431 /* OpcodeTable.swift in Sources */ = {isa = PBXBuildFile; fileRef = 3F5C2CCE1BCDB90600613431 /* OpcodeTable.swift */; };
		3F5C2CF81BCDCA9E00613431 /* basic.swift in Sources */ = {isa = PBXBuildFile; fileRef = 3F5C2CE31BCDCA0F00613431 /* basic.swift */; };
		3F5C2CF91BCDCA9E00613431 /* character.swift in Sources */ = {isa = PBXBuildFile; fileRef = 3F5C2CE41BCDCA0F00613431 /* character.swift */; };
		3F5C2CFA1BCDCA9E00613431 /* kernal.swift in Sources */ = {isa = PBXBuildFile; fileRef = 3F5C2CE51BCDCA0F00613431 /* kernal.swift */; };
/* End PBXBuildFile section */

/* Begin PBXCopyFilesBuildPhase section */
		3F5C2CEB1BCDCA6700613431 /* CopyFiles */ = {
			isa = PBXCopyFilesBuildPhase;
			buildActionMask = 2147483647;
			dstPath = /usr/share/man/man1/;
			dstSubfolderSpec = 0;
			files = (
			);
			runOnlyForDeploymentPostprocessing = 1;
		};
/* End PBXCopyFilesBuildPhase section */

/* Begin PBXFileReference section */
		26786B471C2ED59400F29F6A /* Swift6502Tests.xctest */ = {isa = PBXFileReference; explicitFileType = wrapper.cfbundle; includeInIndex = 0; path = Swift6502Tests.xctest; sourceTree = BUILT_PRODUCTS_DIR; };
		26786B491C2ED59400F29F6A /* Swift6502Tests.swift */ = {isa = PBXFileReference; lastKnownFileType = sourcecode.swift; path = Swift6502Tests.swift; sourceTree = "<group>"; };
		26786B4B1C2ED59400F29F6A /* Info.plist */ = {isa = PBXFileReference; lastKnownFileType = text.plist.xml; path = Info.plist; sourceTree = "<group>"; };
		26CD88C31C2EF0BA00514A3C /* StolenOpcodeTests.swift */ = {isa = PBXFileReference; fileEncoding = 4; lastKnownFileType = sourcecode.swift; path = StolenOpcodeTests.swift; sourceTree = "<group>"; };
		3F1414721BCDD63000E5A177 /* Utils.swift */ = {isa = PBXFileReference; fileEncoding = 4; lastKnownFileType = sourcecode.swift; path = Utils.swift; sourceTree = "<group>"; };
		3F5C2CC81BCDB55000613431 /* CPU.swift */ = {isa = PBXFileReference; fileEncoding = 4; lastKnownFileType = sourcecode.swift; path = CPU.swift; sourceTree = "<group>"; };
		3F5C2CCA1BCDB71C00613431 /* Opcodes.swift */ = {isa = PBXFileReference; fileEncoding = 4; lastKnownFileType = sourcecode.swift; path = Opcodes.swift; sourceTree = "<group>"; };
		3F5C2CCC1BCDB87A00613431 /* AddressingModes.swift */ = {isa = PBXFileReference; fileEncoding = 4; lastKnownFileType = sourcecode.swift; path = AddressingModes.swift; sourceTree = "<group>"; };
		3F5C2CCE1BCDB90600613431 /* OpcodeTable.swift */ = {isa = PBXFileReference; fileEncoding = 4; lastKnownFileType = sourcecode.swift; path = OpcodeTable.swift; sourceTree = "<group>"; };
		3F5C2CE31BCDCA0F00613431 /* basic.swift */ = {isa = PBXFileReference; fileEncoding = 4; lastKnownFileType = sourcecode.swift; path = basic.swift; sourceTree = "<group>"; };
		3F5C2CE41BCDCA0F00613431 /* character.swift */ = {isa = PBXFileReference; fileEncoding = 4; lastKnownFileType = sourcecode.swift; path = character.swift; sourceTree = "<group>"; };
		3F5C2CE51BCDCA0F00613431 /* kernal.swift */ = {isa = PBXFileReference; fileEncoding = 4; lastKnownFileType = sourcecode.swift; path = kernal.swift; sourceTree = "<group>"; };
		3F5C2CED1BCDCA6700613431 /* Console64 */ = {isa = PBXFileReference; explicitFileType = "compiled.mach-o.executable"; includeInIndex = 0; path = Console64; sourceTree = BUILT_PRODUCTS_DIR; };
		3F5C2CEF1BCDCA6700613431 /* main.swift */ = {isa = PBXFileReference; lastKnownFileType = sourcecode.swift; path = main.swift; sourceTree = "<group>"; };
/* End PBXFileReference section */

/* Begin PBXFrameworksBuildPhase section */
		26786B441C2ED59400F29F6A /* Frameworks */ = {
			isa = PBXFrameworksBuildPhase;
			buildActionMask = 2147483647;
			files = (
			);
			runOnlyForDeploymentPostprocessing = 0;
		};
		3F5C2CEA1BCDCA6700613431 /* Frameworks */ = {
			isa = PBXFrameworksBuildPhase;
			buildActionMask = 2147483647;
			files = (
			);
			runOnlyForDeploymentPostprocessing = 0;
		};
/* End PBXFrameworksBuildPhase section */

/* Begin PBXGroup section */
		26786B481C2ED59400F29F6A /* Swift6502Tests */ = {
			isa = PBXGroup;
			children = (
				26CD88C31C2EF0BA00514A3C /* StolenOpcodeTests.swift */,
				26786B491C2ED59400F29F6A /* Swift6502Tests.swift */,
				26786B4B1C2ED59400F29F6A /* Info.plist */,
			);
			path = Swift6502Tests;
			sourceTree = "<group>";
		};
		3F5C2CB51BCDB53500613431 = {
			isa = PBXGroup;
			children = (
				3F5C2CC01BCDB53500613431 /* Swift6502 */,
				3F5C2CDF1BCDC13100613431 /* C64 Roms */,
				3F5C2CEE1BCDCA6700613431 /* Console64 */,
				26786B481C2ED59400F29F6A /* Swift6502Tests */,
				3F5C2CBF1BCDB53500613431 /* Products */,
			);
			sourceTree = "<group>";
		};
		3F5C2CBF1BCDB53500613431 /* Products */ = {
			isa = PBXGroup;
			children = (
				3F5C2CED1BCDCA6700613431 /* Console64 */,
				26786B471C2ED59400F29F6A /* Swift6502Tests.xctest */,
			);
			name = Products;
			sourceTree = "<group>";
		};
		3F5C2CC01BCDB53500613431 /* Swift6502 */ = {
			isa = PBXGroup;
			children = (
				3F5C2CCC1BCDB87A00613431 /* AddressingModes.swift */,
				3F5C2CC81BCDB55000613431 /* CPU.swift */,
				3F5C2CCA1BCDB71C00613431 /* Opcodes.swift */,
				3F5C2CCE1BCDB90600613431 /* OpcodeTable.swift */,
				3F1414721BCDD63000E5A177 /* Utils.swift */,
			);
			path = Swift6502;
			sourceTree = "<group>";
		};
		3F5C2CDF1BCDC13100613431 /* C64 Roms */ = {
			isa = PBXGroup;
			children = (
				3F5C2CE31BCDCA0F00613431 /* basic.swift */,
				3F5C2CE41BCDCA0F00613431 /* character.swift */,
				3F5C2CE51BCDCA0F00613431 /* kernal.swift */,
			);
			path = "C64 Roms";
			sourceTree = "<group>";
		};
		3F5C2CEE1BCDCA6700613431 /* Console64 */ = {
			isa = PBXGroup;
			children = (
				3F5C2CEF1BCDCA6700613431 /* main.swift */,
			);
			path = Console64;
			sourceTree = "<group>";
		};
/* End PBXGroup section */

/* Begin PBXNativeTarget section */
		26786B461C2ED59400F29F6A /* Swift6502Tests */ = {
			isa = PBXNativeTarget;
			buildConfigurationList = 26786B4E1C2ED59400F29F6A /* Build configuration list for PBXNativeTarget "Swift6502Tests" */;
			buildPhases = (
				26786B431C2ED59400F29F6A /* Sources */,
				26786B441C2ED59400F29F6A /* Frameworks */,
				26786B451C2ED59400F29F6A /* Resources */,
			);
			buildRules = (
			);
			dependencies = (
			);
			name = Swift6502Tests;
			productName = Swift6502Tests;
			productReference = 26786B471C2ED59400F29F6A /* Swift6502Tests.xctest */;
			productType = "com.apple.product-type.bundle.unit-test";
		};
		3F5C2CEC1BCDCA6700613431 /* Console64 */ = {
			isa = PBXNativeTarget;
			buildConfigurationList = 3F5C2CF11BCDCA6700613431 /* Build configuration list for PBXNativeTarget "Console64" */;
			buildPhases = (
				3F5C2CE91BCDCA6700613431 /* Sources */,
				3F5C2CEA1BCDCA6700613431 /* Frameworks */,
				3F5C2CEB1BCDCA6700613431 /* CopyFiles */,
			);
			buildRules = (
			);
			dependencies = (
			);
			name = Console64;
			productName = Console64;
			productReference = 3F5C2CED1BCDCA6700613431 /* Console64 */;
			productType = "com.apple.product-type.tool";
		};
/* End PBXNativeTarget section */

/* Begin PBXProject section */
		3F5C2CB61BCDB53500613431 /* Project object */ = {
			isa = PBXProject;
			attributes = {
				LastSwiftUpdateCheck = 0720;
				LastUpgradeCheck = 0700;
				ORGANIZATIONNAME = "Antonio Malara";
				TargetAttributes = {
					26786B461C2ED59400F29F6A = {
						CreatedOnToolsVersion = 7.2;
					};
					3F5C2CEC1BCDCA6700613431 = {
						CreatedOnToolsVersion = 7.0.1;
					};
				};
			};
			buildConfigurationList = 3F5C2CB91BCDB53500613431 /* Build configuration list for PBXProject "Swift6502" */;
			compatibilityVersion = "Xcode 3.2";
			developmentRegion = English;
			hasScannedForEncodings = 0;
			knownRegions = (
				en,
			);
			mainGroup = 3F5C2CB51BCDB53500613431;
			productRefGroup = 3F5C2CBF1BCDB53500613431 /* Products */;
			projectDirPath = "";
			projectRoot = "";
			targets = (
				3F5C2CEC1BCDCA6700613431 /* Console64 */,
				26786B461C2ED59400F29F6A /* Swift6502Tests */,
			);
		};
/* End PBXProject section */

/* Begin PBXResourcesBuildPhase section */
		26786B451C2ED59400F29F6A /* Resources */ = {
			isa = PBXResourcesBuildPhase;
			buildActionMask = 2147483647;
			files = (
			);
			runOnlyForDeploymentPostprocessing = 0;
		};
/* End PBXResourcesBuildPhase section */

/* Begin PBXSourcesBuildPhase section */
		26786B431C2ED59400F29F6A /* Sources */ = {
			isa = PBXSourcesBuildPhase;
			buildActionMask = 2147483647;
			files = (
				26CD88BF1C2EE61900514A3C /* CPU.swift in Sources */,
				26CD88BE1C2EE61700514A3C /* AddressingModes.swift in Sources */,
				26CD88C01C2EE61B00514A3C /* Opcodes.swift in Sources */,
				26CD88C21C2EE62000514A3C /* Utils.swift in Sources */,
				26CD88C11C2EE61D00514A3C /* OpcodeTable.swift in Sources */,
				26CD88C41C2EF0BA00514A3C /* StolenOpcodeTests.swift in Sources */,
				26786B4A1C2ED59400F29F6A /* Swift6502Tests.swift in Sources */,
			);
			runOnlyForDeploymentPostprocessing = 0;
		};
		3F5C2CE91BCDCA6700613431 /* Sources */ = {
			isa = PBXSourcesBuildPhase;
			buildActionMask = 2147483647;
			files = (
				3F5C2CF41BCDCA9E00613431 /* AddressingModes.swift in Sources */,
				3F5C2CF51BCDCA9E00613431 /* CPU.swift in Sources */,
				3F1414731BCDD63000E5A177 /* Utils.swift in Sources */,
				3F5C2CF61BCDCA9E00613431 /* Opcodes.swift in Sources */,
				3F5C2CF71BCDCA9E00613431 /* OpcodeTable.swift in Sources */,
				3F5C2CF81BCDCA9E00613431 /* basic.swift in Sources */,
				3F5C2CF91BCDCA9E00613431 /* character.swift in Sources */,
				3F5C2CFA1BCDCA9E00613431 /* kernal.swift in Sources */,
				3F5C2CF01BCDCA6700613431 /* main.swift in Sources */,
			);
			runOnlyForDeploymentPostprocessing = 0;
		};
/* End PBXSourcesBuildPhase section */

/* Begin XCBuildConfiguration section */
		26786B4C1C2ED59400F29F6A /* Debug */ = {
			isa = XCBuildConfiguration;
			buildSettings = {
				CODE_SIGN_IDENTITY = "-";
				COMBINE_HIDPI_IMAGES = YES;
				INFOPLIST_FILE = Swift6502Tests/Info.plist;
				LD_RUNPATH_SEARCH_PATHS = "$(inherited) @executable_path/../Frameworks @loader_path/../Frameworks";
				PRODUCT_BUNDLE_IDENTIFIER = name.malara.antonio.Swift6502Tests;
				PRODUCT_NAME = "$(TARGET_NAME)";
			};
			name = Debug;
		};
		26786B4D1C2ED59400F29F6A /* Release */ = {
			isa = XCBuildConfiguration;
			buildSettings = {
				CODE_SIGN_IDENTITY = "-";
				COMBINE_HIDPI_IMAGES = YES;
				INFOPLIST_FILE = Swift6502Tests/Info.plist;
				LD_RUNPATH_SEARCH_PATHS = "$(inherited) @executable_path/../Frameworks @loader_path/../Frameworks";
				PRODUCT_BUNDLE_IDENTIFIER = name.malara.antonio.Swift6502Tests;
				PRODUCT_NAME = "$(TARGET_NAME)";
			};
			name = Release;
		};
		3F5C2CC31BCDB53500613431 /* Debug */ = {
			isa = XCBuildConfiguration;
			buildSettings = {
				ALWAYS_SEARCH_USER_PATHS = NO;
				CLANG_CXX_LANGUAGE_STANDARD = "gnu++0x";
				CLANG_CXX_LIBRARY = "libc++";
				CLANG_ENABLE_MODULES = YES;
				CLANG_ENABLE_OBJC_ARC = YES;
				CLANG_WARN_BOOL_CONVERSION = YES;
				CLANG_WARN_CONSTANT_CONVERSION = YES;
				CLANG_WARN_DIRECT_OBJC_ISA_USAGE = YES_ERROR;
				CLANG_WARN_EMPTY_BODY = YES;
				CLANG_WARN_ENUM_CONVERSION = YES;
				CLANG_WARN_INT_CONVERSION = YES;
				CLANG_WARN_OBJC_ROOT_CLASS = YES_ERROR;
				CLANG_WARN_UNREACHABLE_CODE = YES;
				CLANG_WARN__DUPLICATE_METHOD_MATCH = YES;
				COPY_PHASE_STRIP = NO;
				DEBUG_INFORMATION_FORMAT = dwarf;
				ENABLE_STRICT_OBJC_MSGSEND = YES;
				ENABLE_TESTABILITY = YES;
				GCC_C_LANGUAGE_STANDARD = gnu99;
				GCC_DYNAMIC_NO_PIC = NO;
				GCC_NO_COMMON_BLOCKS = YES;
				GCC_OPTIMIZATION_LEVEL = 0;
				GCC_PREPROCESSOR_DEFINITIONS = (
					"DEBUG=1",
					"$(inherited)",
				);
				GCC_WARN_64_TO_32_BIT_CONVERSION = YES;
				GCC_WARN_ABOUT_RETURN_TYPE = YES_ERROR;
				GCC_WARN_UNDECLARED_SELECTOR = YES;
				GCC_WARN_UNINITIALIZED_AUTOS = YES_AGGRESSIVE;
				GCC_WARN_UNUSED_FUNCTION = YES;
				GCC_WARN_UNUSED_VARIABLE = YES;
				MACOSX_DEPLOYMENT_TARGET = 10.10;
				MTL_ENABLE_DEBUG_INFO = YES;
				ONLY_ACTIVE_ARCH = YES;
				SDKROOT = macosx;
				SWIFT_OPTIMIZATION_LEVEL = "-Onone";
			};
			name = Debug;
		};
		3F5C2CC41BCDB53500613431 /* Release */ = {
			isa = XCBuildConfiguration;
			buildSettings = {
				ALWAYS_SEARCH_USER_PATHS = NO;
				CLANG_CXX_LANGUAGE_STANDARD = "gnu++0x";
				CLANG_CXX_LIBRARY = "libc++";
				CLANG_ENABLE_MODULES = YES;
				CLANG_ENABLE_OBJC_ARC = YES;
				CLANG_WARN_BOOL_CONVERSION = YES;
				CLANG_WARN_CONSTANT_CONVERSION = YES;
				CLANG_WARN_DIRECT_OBJC_ISA_USAGE = YES_ERROR;
				CLANG_WARN_EMPTY_BODY = YES;
				CLANG_WARN_ENUM_CONVERSION = YES;
				CLANG_WARN_INT_CONVERSION = YES;
				CLANG_WARN_OBJC_ROOT_CLASS = YES_ERROR;
				CLANG_WARN_UNREACHABLE_CODE = YES;
				CLANG_WARN__DUPLICATE_METHOD_MATCH = YES;
				COPY_PHASE_STRIP = NO;
				DEBUG_INFORMATION_FORMAT = "dwarf-with-dsym";
				ENABLE_NS_ASSERTIONS = NO;
				ENABLE_STRICT_OBJC_MSGSEND = YES;
				GCC_C_LANGUAGE_STANDARD = gnu99;
				GCC_NO_COMMON_BLOCKS = YES;
				GCC_WARN_64_TO_32_BIT_CONVERSION = YES;
				GCC_WARN_ABOUT_RETURN_TYPE = YES_ERROR;
				GCC_WARN_UNDECLARED_SELECTOR = YES;
				GCC_WARN_UNINITIALIZED_AUTOS = YES_AGGRESSIVE;
				GCC_WARN_UNUSED_FUNCTION = YES;
				GCC_WARN_UNUSED_VARIABLE = YES;
				MACOSX_DEPLOYMENT_TARGET = 10.10;
				MTL_ENABLE_DEBUG_INFO = NO;
				SDKROOT = macosx;
			};
			name = Release;
		};
		3F5C2CF21BCDCA6700613431 /* Debug */ = {
			isa = XCBuildConfiguration;
			buildSettings = {
				PRODUCT_NAME = "$(TARGET_NAME)";
			};
			name = Debug;
		};
		3F5C2CF31BCDCA6700613431 /* Release */ = {
			isa = XCBuildConfiguration;
			buildSettings = {
				PRODUCT_NAME = "$(TARGET_NAME)";
			};
			name = Release;
		};
/* End XCBuildConfiguration section */

/* Begin XCConfigurationList section */
		26786B4E1C2ED59400F29F6A /* Build configuration list for PBXNativeTarget "Swift6502Tests" */ = {
			isa = XCConfigurationList;
			buildConfigurations = (
				26786B4C1C2ED59400F29F6A /* Debug */,
				26786B4D1C2ED59400F29F6A /* Release */,
			);
			defaultConfigurationIsVisible = 0;
			defaultConfigurationName = Release;
		};
		3F5C2CB91BCDB53500613431 /* Build configuration list for PBXProject "Swift6502" */ = {
			isa = XCConfigurationList;
			buildConfigurations = (
				3F5C2CC31BCDB53500613431 /* Debug */,
				3F5C2CC41BCDB53500613431 /* Release */,
			);
			defaultConfigurationIsVisible = 0;
			defaultConfigurationName = Release;
		};
		3F5C2CF11BCDCA6700613431 /* Build configuration list for PBXNativeTarget "Console64" */ = {
			isa = XCConfigurationList;
			buildConfigurations = (
				3F5C2CF21BCDCA6700613431 /* Debug */,
				3F5C2CF31BCDCA6700613431 /* Release */,
			);
			defaultConfigurationIsVisible = 0;
			defaultConfigurationName = Release;
		};
/* End XCConfigurationList section */
	};
	rootObject = 3F5C2CB61BCDB53500613431 /* Project object */;
}
